// !$*UTF8*$!
{
	archiveVersion = 1;
	classes = {
	};
	objectVersion = 46;
	objects = {

/* Begin PBXBuildFile section */
		043875691D97A73C006A1503 /* Assets.xcassets in Resources */ = {isa = PBXBuildFile; fileRef = 043875681D97A73C006A1503 /* Assets.xcassets */; };
		0438756C1D97A73C006A1503 /* LaunchScreen.storyboard in Resources */ = {isa = PBXBuildFile; fileRef = 0438756A1D97A73C006A1503 /* LaunchScreen.storyboard */; };
		04CBC9591D9878170059E091 /* ViewController.swift in Sources */ = {isa = PBXBuildFile; fileRef = 04CBC9521D9878170059E091 /* ViewController.swift */; };
		04CBC95A1D9878170059E091 /* GameBoard.swift in Sources */ = {isa = PBXBuildFile; fileRef = 04CBC9541D9878170059E091 /* GameBoard.swift */; };
		04CBC95B1D9878170059E091 /* Game.swift in Sources */ = {isa = PBXBuildFile; fileRef = 04CBC9561D9878170059E091 /* Game.swift */; };
		04CBC95C1D9878170059E091 /* AppDelegate.swift in Sources */ = {isa = PBXBuildFile; fileRef = 04CBC9581D9878170059E091 /* AppDelegate.swift */; };
		04CBC95F1D9878620059E091 /* Main.storyboard in Resources */ = {isa = PBXBuildFile; fileRef = 04CBC95E1D9878620059E091 /* Main.storyboard */; };
		04CBC9641D987C310059E091 /* CGPoint+Math.swift in Sources */ = {isa = PBXBuildFile; fileRef = 04CBC9631D987C310059E091 /* CGPoint+Math.swift */; };
		04CBC9661D9885090059E091 /* State+UIColor.swift in Sources */ = {isa = PBXBuildFile; fileRef = 04CBC9651D9885090059E091 /* State+UIColor.swift */; };
		04CBC9681D9886120059E091 /* Human.swift in Sources */ = {isa = PBXBuildFile; fileRef = 04CBC9671D9886120059E091 /* Human.swift */; };
		04CBC96B1D98869E0059E091 /* Math.swift in Sources */ = {isa = PBXBuildFile; fileRef = 04CBC96A1D98869E0059E091 /* Math.swift */; };
/* End PBXBuildFile section */

/* Begin PBXFileReference section */
		0438755E1D97A73C006A1503 /* HumanVirus.app */ = {isa = PBXFileReference; explicitFileType = wrapper.application; includeInIndex = 0; path = HumanVirus.app; sourceTree = BUILT_PRODUCTS_DIR; };
		043875681D97A73C006A1503 /* Assets.xcassets */ = {isa = PBXFileReference; lastKnownFileType = folder.assetcatalog; name = Assets.xcassets; path = ../Assets.xcassets; sourceTree = "<group>"; };
		0438756B1D97A73C006A1503 /* Base */ = {isa = PBXFileReference; lastKnownFileType = file.storyboard; name = Base; path = Base.lproj/LaunchScreen.storyboard; sourceTree = "<group>"; };
		0438756D1D97A73C006A1503 /* Info.plist */ = {isa = PBXFileReference; lastKnownFileType = text.plist.xml; name = Info.plist; path = ../Info.plist; sourceTree = "<group>"; };
		04CBC9521D9878170059E091 /* ViewController.swift */ = {isa = PBXFileReference; fileEncoding = 4; lastKnownFileType = sourcecode.swift; path = ViewController.swift; sourceTree = "<group>"; };
		04CBC9541D9878170059E091 /* GameBoard.swift */ = {isa = PBXFileReference; fileEncoding = 4; lastKnownFileType = sourcecode.swift; path = GameBoard.swift; sourceTree = "<group>"; };
		04CBC9561D9878170059E091 /* Game.swift */ = {isa = PBXFileReference; fileEncoding = 4; lastKnownFileType = sourcecode.swift; path = Game.swift; sourceTree = "<group>"; };
		04CBC9581D9878170059E091 /* AppDelegate.swift */ = {isa = PBXFileReference; fileEncoding = 4; lastKnownFileType = sourcecode.swift; path = AppDelegate.swift; sourceTree = "<group>"; };
		04CBC95E1D9878620059E091 /* Main.storyboard */ = {isa = PBXFileReference; fileEncoding = 4; lastKnownFileType = file.storyboard; path = Main.storyboard; sourceTree = "<group>"; };
		04CBC9631D987C310059E091 /* CGPoint+Math.swift */ = {isa = PBXFileReference; fileEncoding = 4; lastKnownFileType = sourcecode.swift; name = "CGPoint+Math.swift"; path = "Extensions/CGPoint+Math.swift"; sourceTree = "<group>"; };
		04CBC9651D9885090059E091 /* State+UIColor.swift */ = {isa = PBXFileReference; fileEncoding = 4; lastKnownFileType = sourcecode.swift; path = "State+UIColor.swift"; sourceTree = "<group>"; };
		04CBC9671D9886120059E091 /* Human.swift */ = {isa = PBXFileReference; fileEncoding = 4; lastKnownFileType = sourcecode.swift; path = Human.swift; sourceTree = "<group>"; };
		04CBC96A1D98869E0059E091 /* Math.swift */ = {isa = PBXFileReference; fileEncoding = 4; lastKnownFileType = sourcecode.swift; name = Math.swift; path = Utilities/Math.swift; sourceTree = "<group>"; };
/* End PBXFileReference section */

/* Begin PBXFrameworksBuildPhase section */
		0438755B1D97A73C006A1503 /* Frameworks */ = {
			isa = PBXFrameworksBuildPhase;
			buildActionMask = 2147483647;
			files = (
			);
			runOnlyForDeploymentPostprocessing = 0;
		};
/* End PBXFrameworksBuildPhase section */

/* Begin PBXGroup section */
		043875551D97A73C006A1503 = {
			isa = PBXGroup;
			children = (
				043875601D97A73C006A1503 /* HumanVirus */,
				0438755F1D97A73C006A1503 /* Products */,
			);
			sourceTree = "<group>";
		};
		0438755F1D97A73C006A1503 /* Products */ = {
			isa = PBXGroup;
			children = (
				0438755E1D97A73C006A1503 /* HumanVirus.app */,
			);
			name = Products;
			sourceTree = "<group>";
		};
		043875601D97A73C006A1503 /* HumanVirus */ = {
			isa = PBXGroup;
			children = (
				04CBC9691D98864E0059E091 /* Utilities */,
				04CBC9611D987BD30059E091 /* Extensions */,
				04CBC95D1D9878620059E091 /* Storyboards */,
				04CBC9511D9878170059E091 /* Controllers */,
				04CBC9531D9878170059E091 /* Views */,
				04CBC9551D9878170059E091 /* Models */,
				04CBC9571D9878170059E091 /* AppDetegate */,
				04CBC9601D9878820059E091 /* Resources */,
			);
			path = HumanVirus;
			sourceTree = "<group>";
		};
		04CBC9511D9878170059E091 /* Controllers */ = {
			isa = PBXGroup;
			children = (
				04CBC9521D9878170059E091 /* ViewController.swift */,
			);
			path = Controllers;
			sourceTree = "<group>";
		};
		04CBC9531D9878170059E091 /* Views */ = {
			isa = PBXGroup;
			children = (
				04CBC9541D9878170059E091 /* GameBoard.swift */,
			);
			path = Views;
			sourceTree = "<group>";
		};
		04CBC9551D9878170059E091 /* Models */ = {
			isa = PBXGroup;
			children = (
				04CBC9561D9878170059E091 /* Game.swift */,
				04CBC9671D9886120059E091 /* Human.swift */,
			);
			path = Models;
			sourceTree = "<group>";
		};
		04CBC9571D9878170059E091 /* AppDetegate */ = {
			isa = PBXGroup;
			children = (
				04CBC9581D9878170059E091 /* AppDelegate.swift */,
			);
			path = AppDetegate;
			sourceTree = "<group>";
		};
		04CBC95D1D9878620059E091 /* Storyboards */ = {
			isa = PBXGroup;
			children = (
				0438756A1D97A73C006A1503 /* LaunchScreen.storyboard */,
				04CBC95E1D9878620059E091 /* Main.storyboard */,
			);
			path = Storyboards;
			sourceTree = "<group>";
		};
		04CBC9601D9878820059E091 /* Resources */ = {
			isa = PBXGroup;
			children = (
				043875681D97A73C006A1503 /* Assets.xcassets */,
				0438756D1D97A73C006A1503 /* Info.plist */,
			);
			name = Resources;
			path = AppDetegate;
			sourceTree = "<group>";
		};
		04CBC9611D987BD30059E091 /* Extensions */ = {
			isa = PBXGroup;
			children = (
				04CBC9631D987C310059E091 /* CGPoint+Math.swift */,
				04CBC9651D9885090059E091 /* State+UIColor.swift */,
			);
			name = Extensions;
			sourceTree = "<group>";
		};
		04CBC9691D98864E0059E091 /* Utilities */ = {
			isa = PBXGroup;
			children = (
				04CBC96A1D98869E0059E091 /* Math.swift */,
			);
			name = Utilities;
			sourceTree = "<group>";
		};
/* End PBXGroup section */

/* Begin PBXNativeTarget section */
		0438755D1D97A73C006A1503 /* HumanVirus */ = {
			isa = PBXNativeTarget;
			buildConfigurationList = 043875701D97A73C006A1503 /* Build configuration list for PBXNativeTarget "HumanVirus" */;
			buildPhases = (
				0438755A1D97A73C006A1503 /* Sources */,
				0438755B1D97A73C006A1503 /* Frameworks */,
				0438755C1D97A73C006A1503 /* Resources */,
			);
			buildRules = (
			);
			dependencies = (
			);
			name = HumanVirus;
			productName = HumanVirus;
			productReference = 0438755E1D97A73C006A1503 /* HumanVirus.app */;
			productType = "com.apple.product-type.application";
		};
/* End PBXNativeTarget section */

/* Begin PBXProject section */
		043875561D97A73C006A1503 /* Project object */ = {
			isa = PBXProject;
			attributes = {
				LastSwiftUpdateCheck = 0800;
				LastUpgradeCheck = 0800;
				ORGANIZATIONNAME = "Dmytro Malakhov";
				TargetAttributes = {
					0438755D1D97A73C006A1503 = {
						CreatedOnToolsVersion = 8.0;
						ProvisioningStyle = Automatic;
					};
				};
			};
			buildConfigurationList = 043875591D97A73C006A1503 /* Build configuration list for PBXProject "HumanVirus" */;
			compatibilityVersion = "Xcode 3.2";
			developmentRegion = English;
			hasScannedForEncodings = 0;
			knownRegions = (
				en,
				Base,
			);
			mainGroup = 043875551D97A73C006A1503;
			productRefGroup = 0438755F1D97A73C006A1503 /* Products */;
			projectDirPath = "";
			projectRoot = "";
			targets = (
				0438755D1D97A73C006A1503 /* HumanVirus */,
			);
		};
/* End PBXProject section */

/* Begin PBXResourcesBuildPhase section */
		0438755C1D97A73C006A1503 /* Resources */ = {
			isa = PBXResourcesBuildPhase;
			buildActionMask = 2147483647;
			files = (
				0438756C1D97A73C006A1503 /* LaunchScreen.storyboard in Resources */,
				043875691D97A73C006A1503 /* Assets.xcassets in Resources */,
				04CBC95F1D9878620059E091 /* Main.storyboard in Resources */,
			);
			runOnlyForDeploymentPostprocessing = 0;
		};
/* End PBXResourcesBuildPhase section */

/* Begin PBXSourcesBuildPhase section */
		0438755A1D97A73C006A1503 /* Sources */ = {
			isa = PBXSourcesBuildPhase;
			buildActionMask = 2147483647;
			files = (
				04CBC95C1D9878170059E091 /* AppDelegate.swift in Sources */,
				04CBC9681D9886120059E091 /* Human.swift in Sources */,
				04CBC9591D9878170059E091 /* ViewController.swift in Sources */,
				04CBC9641D987C310059E091 /* CGPoint+Math.swift in Sources */,
				04CBC95B1D9878170059E091 /* Game.swift in Sources */,
				04CBC95A1D9878170059E091 /* GameBoard.swift in Sources */,
				04CBC9661D9885090059E091 /* State+UIColor.swift in Sources */,
				04CBC96B1D98869E0059E091 /* Math.swift in Sources */,
			);
			runOnlyForDeploymentPostprocessing = 0;
		};
/* End PBXSourcesBuildPhase section */

/* Begin PBXVariantGroup section */
		0438756A1D97A73C006A1503 /* LaunchScreen.storyboard */ = {
			isa = PBXVariantGroup;
			children = (
				0438756B1D97A73C006A1503 /* Base */,
			);
			name = LaunchScreen.storyboard;
			path = ..;
			sourceTree = "<group>";
		};
/* End PBXVariantGroup section */

/* Begin XCBuildConfiguration section */
		0438756E1D97A73C006A1503 /* Debug */ = {
			isa = XCBuildConfiguration;
			buildSettings = {
				ALWAYS_SEARCH_USER_PATHS = NO;
				CLANG_ANALYZER_NONNULL = YES;
				CLANG_CXX_LANGUAGE_STANDARD = "gnu++0x";
				CLANG_CXX_LIBRARY = "libc++";
				CLANG_ENABLE_MODULES = YES;
				CLANG_ENABLE_OBJC_ARC = YES;
				CLANG_WARN_BOOL_CONVERSION = YES;
				CLANG_WARN_CONSTANT_CONVERSION = YES;
				CLANG_WARN_DIRECT_OBJC_ISA_USAGE = YES_ERROR;
				CLANG_WARN_DOCUMENTATION_COMMENTS = YES;
				CLANG_WARN_EMPTY_BODY = YES;
				CLANG_WARN_ENUM_CONVERSION = YES;
				CLANG_WARN_INFINITE_RECURSION = YES;
				CLANG_WARN_INT_CONVERSION = YES;
				CLANG_WARN_OBJC_ROOT_CLASS = YES_ERROR;
				CLANG_WARN_SUSPICIOUS_MOVES = YES;
				CLANG_WARN_UNREACHABLE_CODE = YES;
				CLANG_WARN__DUPLICATE_METHOD_MATCH = YES;
				"CODE_SIGN_IDENTITY[sdk=iphoneos*]" = "iPhone Developer";
				COPY_PHASE_STRIP = NO;
				DEBUG_INFORMATION_FORMAT = dwarf;
				ENABLE_STRICT_OBJC_MSGSEND = YES;
				ENABLE_TESTABILITY = YES;
				GCC_C_LANGUAGE_STANDARD = gnu99;
				GCC_DYNAMIC_NO_PIC = NO;
				GCC_NO_COMMON_BLOCKS = YES;
				GCC_OPTIMIZATION_LEVEL = 0;
				GCC_PREPROCESSOR_DEFINITIONS = (
					"DEBUG=1",
					"$(inherited)",
				);
				GCC_WARN_64_TO_32_BIT_CONVERSION = YES;
				GCC_WARN_ABOUT_RETURN_TYPE = YES_ERROR;
				GCC_WARN_UNDECLARED_SELECTOR = YES;
				GCC_WARN_UNINITIALIZED_AUTOS = YES_AGGRESSIVE;
				GCC_WARN_UNUSED_FUNCTION = YES;
				GCC_WARN_UNUSED_VARIABLE = YES;
				IPHONEOS_DEPLOYMENT_TARGET = 10.0;
				MTL_ENABLE_DEBUG_INFO = YES;
				ONLY_ACTIVE_ARCH = YES;
				SDKROOT = iphoneos;
				SWIFT_ACTIVE_COMPILATION_CONDITIONS = DEBUG;
				SWIFT_OPTIMIZATION_LEVEL = "-Onone";
				TARGETED_DEVICE_FAMILY = "1,2";
			};
			name = Debug;
		};
		0438756F1D97A73C006A1503 /* Release */ = {
			isa = XCBuildConfiguration;
			buildSettings = {
				ALWAYS_SEARCH_USER_PATHS = NO;
				CLANG_ANALYZER_NONNULL = YES;
				CLANG_CXX_LANGUAGE_STANDARD = "gnu++0x";
				CLANG_CXX_LIBRARY = "libc++";
				CLANG_ENABLE_MODULES = YES;
				CLANG_ENABLE_OBJC_ARC = YES;
				CLANG_WARN_BOOL_CONVERSION = YES;
				CLANG_WARN_CONSTANT_CONVERSION = YES;
				CLANG_WARN_DIRECT_OBJC_ISA_USAGE = YES_ERROR;
				CLANG_WARN_DOCUMENTATION_COMMENTS = YES;
				CLANG_WARN_EMPTY_BODY = YES;
				CLANG_WARN_ENUM_CONVERSION = YES;
				CLANG_WARN_INFINITE_RECURSION = YES;
				CLANG_WARN_INT_CONVERSION = YES;
				CLANG_WARN_OBJC_ROOT_CLASS = YES_ERROR;
				CLANG_WARN_SUSPICIOUS_MOVES = YES;
				CLANG_WARN_UNREACHABLE_CODE = YES;
				CLANG_WARN__DUPLICATE_METHOD_MATCH = YES;
				"CODE_SIGN_IDENTITY[sdk=iphoneos*]" = "iPhone Developer";
				COPY_PHASE_STRIP = NO;
				DEBUG_INFORMATION_FORMAT = "dwarf-with-dsym";
				ENABLE_NS_ASSERTIONS = NO;
				ENABLE_STRICT_OBJC_MSGSEND = YES;
				GCC_C_LANGUAGE_STANDARD = gnu99;
				GCC_NO_COMMON_BLOCKS = YES;
				GCC_WARN_64_TO_32_BIT_CONVERSION = YES;
				GCC_WARN_ABOUT_RETURN_TYPE = YES_ERROR;
				GCC_WARN_UNDECLARED_SELECTOR = YES;
				GCC_WARN_UNINITIALIZED_AUTOS = YES_AGGRESSIVE;
				GCC_WARN_UNUSED_FUNCTION = YES;
				GCC_WARN_UNUSED_VARIABLE = YES;
				IPHONEOS_DEPLOYMENT_TARGET = 10.0;
				MTL_ENABLE_DEBUG_INFO = NO;
				SDKROOT = iphoneos;
				SWIFT_OPTIMIZATION_LEVEL = "-Owholemodule";
				TARGETED_DEVICE_FAMILY = "1,2";
				VALIDATE_PRODUCT = YES;
			};
			name = Release;
		};
		043875711D97A73C006A1503 /* Debug */ = {
			isa = XCBuildConfiguration;
			buildSettings = {
				ASSETCATALOG_COMPILER_APPICON_NAME = AppIcon;
				INFOPLIST_FILE = HumanVirus/Info.plist;
				LD_RUNPATH_SEARCH_PATHS = "$(inherited) @executable_path/Frameworks";
				PRODUCT_BUNDLE_IDENTIFIER = com.malakhov.HumanVirus;
				PRODUCT_NAME = "$(TARGET_NAME)";
				SWIFT_VERSION = 3.0;
			};
			name = Debug;
		};
		043875721D97A73C006A1503 /* Release */ = {
			isa = XCBuildConfiguration;
			buildSettings = {
				ASSETCATALOG_COMPILER_APPICON_NAME = AppIcon;
				INFOPLIST_FILE = HumanVirus/Info.plist;
				LD_RUNPATH_SEARCH_PATHS = "$(inherited) @executable_path/Frameworks";
				PRODUCT_BUNDLE_IDENTIFIER = com.malakhov.HumanVirus;
				PRODUCT_NAME = "$(TARGET_NAME)";
				SWIFT_VERSION = 3.0;
			};
			name = Release;
		};
/* End XCBuildConfiguration section */

/* Begin XCConfigurationList section */
		043875591D97A73C006A1503 /* Build configuration list for PBXProject "HumanVirus" */ = {
			isa = XCConfigurationList;
			buildConfigurations = (
				0438756E1D97A73C006A1503 /* Debug */,
				0438756F1D97A73C006A1503 /* Release */,
			);
			defaultConfigurationIsVisible = 0;
			defaultConfigurationName = Release;
		};
		043875701D97A73C006A1503 /* Build configuration list for PBXNativeTarget "HumanVirus" */ = {
			isa = XCConfigurationList;
			buildConfigurations = (
				043875711D97A73C006A1503 /* Debug */,
				043875721D97A73C006A1503 /* Release */,
			);
			defaultConfigurationIsVisible = 0;
			defaultConfigurationName = Release;
		};
/* End XCConfigurationList section */
	};
	rootObject = 043875561D97A73C006A1503 /* Project object */;
}
